
Microsoft Visual Studio Solution File, Format Version 12.00
# Visual Studio Version 17
VisualStudioVersion = 17.2.32616.157
MinimumVisualStudioVersion = 10.0.40219.1
Project("{FAE04EC0-301F-11D3-BF4B-00C04F79EFBC}") = "sobesTest", "sobesTest\sobesTest.csproj", "{98AD15EA-0919-4805-B00A-F983B6FFFDFE}"
EndProject
Global
	GlobalSection(SolutionConfigurationPlatforms) = preSolution
		Debug|Any CPU = Debug|Any CPU
		Release|Any CPU = Release|Any CPU
	EndGlobalSection
	GlobalSection(ProjectConfigurationPlatforms) = postSolution
		{98AD15EA-0919-4805-B00A-F983B6FFFDFE}.Debug|Any CPU.ActiveCfg = Debug|Any CPU
		{98AD15EA-0919-4805-B00A-F983B6FFFDFE}.Debug|Any CPU.Build.0 = Debug|Any CPU
		{98AD15EA-0919-4805-B00A-F983B6FFFDFE}.Release|Any CPU.ActiveCfg = Release|Any CPU
		{98AD15EA-0919-4805-B00A-F983B6FFFDFE}.Release|Any CPU.Build.0 = Release|Any CPU
	EndGlobalSection
	GlobalSection(SolutionProperties) = preSolution
		HideSolutionNode = FALSE
	EndGlobalSection
	GlobalSection(ExtensibilityGlobals) = postSolution
		SolutionGuid = {401BBED3-A3AB-454E-90B1-285F19DDD6AA}
	EndGlobalSection
EndGlobal
